
Microsoft Visual Studio Solution File, Format Version 12.00
# Visual Studio 15
VisualStudioVersion = 15.0.27428.2043
MinimumVisualStudioVersion = 10.0.40219.1
Project("{FAE04EC0-301F-11D3-BF4B-00C04F79EFBC}") = "DbFramework", "DbFramework\DbFramework.csproj", "{CAB37A3D-4517-4037-A0BE-7D39AFA3BE3B}"
EndProject
Project("{FAE04EC0-301F-11D3-BF4B-00C04F79EFBC}") = "DbFramework.Tests", "DbFramework.Tests\DbFramework.Tests.csproj", "{8EDF4429-251A-416D-BB68-93F227191BCF}"
EndProject
Project("{FAE04EC0-301F-11D3-BF4B-00C04F79EFBC}") = "SampleImplementation", "SampleImplementation\SampleImplementation.csproj", "{95760254-43C8-40AF-A573-FD2B2EDD80B2}"
EndProject
Global
	GlobalSection(SolutionConfigurationPlatforms) = preSolution
		Debug|Any CPU = Debug|Any CPU
		Release|Any CPU = Release|Any CPU
	EndGlobalSection
	GlobalSection(ProjectConfigurationPlatforms) = postSolution
		{CAB37A3D-4517-4037-A0BE-7D39AFA3BE3B}.Debug|Any CPU.ActiveCfg = Debug|Any CPU
		{CAB37A3D-4517-4037-A0BE-7D39AFA3BE3B}.Debug|Any CPU.Build.0 = Debug|Any CPU
		{CAB37A3D-4517-4037-A0BE-7D39AFA3BE3B}.Release|Any CPU.ActiveCfg = Release|Any CPU
		{CAB37A3D-4517-4037-A0BE-7D39AFA3BE3B}.Release|Any CPU.Build.0 = Release|Any CPU
		{8EDF4429-251A-416D-BB68-93F227191BCF}.Debug|Any CPU.ActiveCfg = Debug|Any CPU
		{8EDF4429-251A-416D-BB68-93F227191BCF}.Debug|Any CPU.Build.0 = Debug|Any CPU
		{8EDF4429-251A-416D-BB68-93F227191BCF}.Release|Any CPU.ActiveCfg = Release|Any CPU
		{8EDF4429-251A-416D-BB68-93F227191BCF}.Release|Any CPU.Build.0 = Release|Any CPU
		{95760254-43C8-40AF-A573-FD2B2EDD80B2}.Debug|Any CPU.ActiveCfg = Debug|Any CPU
		{95760254-43C8-40AF-A573-FD2B2EDD80B2}.Debug|Any CPU.Build.0 = Debug|Any CPU
		{95760254-43C8-40AF-A573-FD2B2EDD80B2}.Release|Any CPU.ActiveCfg = Release|Any CPU
		{95760254-43C8-40AF-A573-FD2B2EDD80B2}.Release|Any CPU.Build.0 = Release|Any CPU
	EndGlobalSection
	GlobalSection(SolutionProperties) = preSolution
		HideSolutionNode = FALSE
	EndGlobalSection
	GlobalSection(ExtensibilityGlobals) = postSolution
		SolutionGuid = {D73456C1-2ABC-4ACD-A1BF-41C18709DBB2}
		EnterpriseLibraryConfigurationToolBinariesPathV6 = packages\EnterpriseLibrary.Common.6.0.1304.0\lib\NET45;packages\EnterpriseLibrary.Data.6.0.1304.0\lib\NET45
	EndGlobalSection
EndGlobal
